
Microsoft Visual Studio Solution File, Format Version 11.00
# Visual Studio 2010
Project("{FAE04EC0-301F-11D3-BF4B-00C04F79EFBC}") = "SSE3", "SSE3\SSE3.csproj", "{5B781D32-65B7-462B-A8E9-C97E2C5E69F6}"
EndProject
Global
	GlobalSection(SubversionScc) = preSolution
		Svn-Managed = True
		Manager = AnkhSVN - Subversion Support for Visual Studio
	EndGlobalSection
	GlobalSection(SolutionConfigurationPlatforms) = preSolution
		Debug|x86 = Debug|x86
		Release|x86 = Release|x86
	EndGlobalSection
	GlobalSection(ProjectConfigurationPlatforms) = postSolution
		{5B781D32-65B7-462B-A8E9-C97E2C5E69F6}.Debug|x86.ActiveCfg = Debug|x86
		{5B781D32-65B7-462B-A8E9-C97E2C5E69F6}.Debug|x86.Build.0 = Debug|x86
		{5B781D32-65B7-462B-A8E9-C97E2C5E69F6}.Release|x86.ActiveCfg = Release|x86
		{5B781D32-65B7-462B-A8E9-C97E2C5E69F6}.Release|x86.Build.0 = Release|x86
	EndGlobalSection
	GlobalSection(SolutionProperties) = preSolution
		HideSolutionNode = FALSE
	EndGlobalSection
EndGlobal
